// !$*UTF8*$!
{
	archiveVersion = 1;
	classes = {
	};
	objectVersion = 46;
	objects = {

/* Begin PBXBuildFile section */
		661C43031F1564C200D793AF /* CollectionViewControllerTwo.swift in Sources */ = {isa = PBXBuildFile; fileRef = 661C43021F1564C200D793AF /* CollectionViewControllerTwo.swift */; };
		661C43051F15660B00D793AF /* MyCollectionViewCellTwo.swift in Sources */ = {isa = PBXBuildFile; fileRef = 661C43041F15660B00D793AF /* MyCollectionViewCellTwo.swift */; };
		665307BA1F16878B00211A94 /* ClasseViewController.swift in Sources */ = {isa = PBXBuildFile; fileRef = 665307B91F16878B00211A94 /* ClasseViewController.swift */; };
		665307BC1F1688F800211A94 /* Classe.storyboard in Resources */ = {isa = PBXBuildFile; fileRef = 665307BB1F1688F800211A94 /* Classe.storyboard */; };
		666FA9CF1F0D657D00FB574F /* Disciplinas.storyboard in Resources */ = {isa = PBXBuildFile; fileRef = 666FA9CE1F0D657D00FB574F /* Disciplinas.storyboard */; };
		666FA9D11F0D65B000FB574F /* Conta.storyboard in Resources */ = {isa = PBXBuildFile; fileRef = 666FA9D01F0D65B000FB574F /* Conta.storyboard */; };
		666FA9D71F0D6BE200FB574F /* DisciplinasViewController.swift in Sources */ = {isa = PBXBuildFile; fileRef = 666FA9D61F0D6BE200FB574F /* DisciplinasViewController.swift */; };
		669FE6CC1F0AB32400B579DE /* AppDelegate.swift in Sources */ = {isa = PBXBuildFile; fileRef = 669FE6CB1F0AB32400B579DE /* AppDelegate.swift */; };
		669FE6D11F0AB32400B579DE /* Main.storyboard in Resources */ = {isa = PBXBuildFile; fileRef = 669FE6CF1F0AB32400B579DE /* Main.storyboard */; };
		669FE6D31F0AB32400B579DE /* Assets.xcassets in Resources */ = {isa = PBXBuildFile; fileRef = 669FE6D21F0AB32400B579DE /* Assets.xcassets */; };
		669FE6D61F0AB32400B579DE /* LaunchScreen.storyboard in Resources */ = {isa = PBXBuildFile; fileRef = 669FE6D41F0AB32400B579DE /* LaunchScreen.storyboard */; };
		D70559B11F0F19DA00C9373C /* DetailViewController.swift in Sources */ = {isa = PBXBuildFile; fileRef = D70559B01F0F19DA00C9373C /* DetailViewController.swift */; };
		D70877C11F0EC6B200FB5A19 /* TableViewCell.swift in Sources */ = {isa = PBXBuildFile; fileRef = D70877C01F0EC6B200FB5A19 /* TableViewCell.swift */; };
		D70877C31F0ECA6000FB5A19 /* CollectionViewController.swift in Sources */ = {isa = PBXBuildFile; fileRef = D70877C21F0ECA6000FB5A19 /* CollectionViewController.swift */; };
		D70877C71F0ED60C00FB5A19 /* MyCollectionViewCell.swift in Sources */ = {isa = PBXBuildFile; fileRef = D70877C61F0ED60C00FB5A19 /* MyCollectionViewCell.swift */; };
		D72CAABE1F17E4D600430EFC /* ContentViewController.swift in Sources */ = {isa = PBXBuildFile; fileRef = D72CAABD1F17E4D600430EFC /* ContentViewController.swift */; };
		D771A6471F140C0500CAD06F /* ContaViewController.swift in Sources */ = {isa = PBXBuildFile; fileRef = D771A6461F140C0500CAD06F /* ContaViewController.swift */; };
/* End PBXBuildFile section */

/* Begin PBXFileReference section */
		661C43021F1564C200D793AF /* CollectionViewControllerTwo.swift */ = {isa = PBXFileReference; fileEncoding = 4; lastKnownFileType = sourcecode.swift; path = CollectionViewControllerTwo.swift; sourceTree = "<group>"; };
		661C43041F15660B00D793AF /* MyCollectionViewCellTwo.swift */ = {isa = PBXFileReference; fileEncoding = 4; lastKnownFileType = sourcecode.swift; path = MyCollectionViewCellTwo.swift; sourceTree = "<group>"; };
		665307B91F16878B00211A94 /* ClasseViewController.swift */ = {isa = PBXFileReference; fileEncoding = 4; lastKnownFileType = sourcecode.swift; path = ClasseViewController.swift; sourceTree = "<group>"; };
		665307BB1F1688F800211A94 /* Classe.storyboard */ = {isa = PBXFileReference; fileEncoding = 4; lastKnownFileType = file.storyboard; path = Classe.storyboard; sourceTree = "<group>"; };
		666FA9CE1F0D657D00FB574F /* Disciplinas.storyboard */ = {isa = PBXFileReference; fileEncoding = 4; lastKnownFileType = file.storyboard; path = Disciplinas.storyboard; sourceTree = "<group>"; };
		666FA9D01F0D65B000FB574F /* Conta.storyboard */ = {isa = PBXFileReference; fileEncoding = 4; lastKnownFileType = file.storyboard; path = Conta.storyboard; sourceTree = "<group>"; };
		666FA9D61F0D6BE200FB574F /* DisciplinasViewController.swift */ = {isa = PBXFileReference; fileEncoding = 4; lastKnownFileType = sourcecode.swift; path = DisciplinasViewController.swift; sourceTree = "<group>"; };
		669FE6C81F0AB32400B579DE /* SuperScience.app */ = {isa = PBXFileReference; explicitFileType = wrapper.application; includeInIndex = 0; path = SuperScience.app; sourceTree = BUILT_PRODUCTS_DIR; };
		669FE6CB1F0AB32400B579DE /* AppDelegate.swift */ = {isa = PBXFileReference; lastKnownFileType = sourcecode.swift; path = AppDelegate.swift; sourceTree = "<group>"; };
		669FE6D01F0AB32400B579DE /* Base */ = {isa = PBXFileReference; lastKnownFileType = file.storyboard; name = Base; path = Base.lproj/Main.storyboard; sourceTree = "<group>"; };
		669FE6D21F0AB32400B579DE /* Assets.xcassets */ = {isa = PBXFileReference; lastKnownFileType = folder.assetcatalog; path = Assets.xcassets; sourceTree = "<group>"; };
		669FE6D51F0AB32400B579DE /* Base */ = {isa = PBXFileReference; lastKnownFileType = file.storyboard; name = Base; path = Base.lproj/LaunchScreen.storyboard; sourceTree = "<group>"; };
		669FE6D71F0AB32400B579DE /* Info.plist */ = {isa = PBXFileReference; lastKnownFileType = text.plist.xml; path = Info.plist; sourceTree = "<group>"; };
		D70559B01F0F19DA00C9373C /* DetailViewController.swift */ = {isa = PBXFileReference; fileEncoding = 4; lastKnownFileType = sourcecode.swift; path = DetailViewController.swift; sourceTree = "<group>"; };
		D70877C01F0EC6B200FB5A19 /* TableViewCell.swift */ = {isa = PBXFileReference; fileEncoding = 4; lastKnownFileType = sourcecode.swift; path = TableViewCell.swift; sourceTree = "<group>"; };
		D70877C21F0ECA6000FB5A19 /* CollectionViewController.swift */ = {isa = PBXFileReference; fileEncoding = 4; lastKnownFileType = sourcecode.swift; path = CollectionViewController.swift; sourceTree = "<group>"; };
		D70877C61F0ED60C00FB5A19 /* MyCollectionViewCell.swift */ = {isa = PBXFileReference; fileEncoding = 4; lastKnownFileType = sourcecode.swift; name = MyCollectionViewCell.swift; path = ../MyCollectionViewCell.swift; sourceTree = "<group>"; };
		D72CAABD1F17E4D600430EFC /* ContentViewController.swift */ = {isa = PBXFileReference; fileEncoding = 4; lastKnownFileType = sourcecode.swift; path = ContentViewController.swift; sourceTree = "<group>"; };
		D771A6461F140C0500CAD06F /* ContaViewController.swift */ = {isa = PBXFileReference; fileEncoding = 4; lastKnownFileType = sourcecode.swift; path = ContaViewController.swift; sourceTree = "<group>"; };
/* End PBXFileReference section */

/* Begin PBXFrameworksBuildPhase section */
		669FE6C51F0AB32400B579DE /* Frameworks */ = {
			isa = PBXFrameworksBuildPhase;
			buildActionMask = 2147483647;
			files = (
			);
			runOnlyForDeploymentPostprocessing = 0;
		};
/* End PBXFrameworksBuildPhase section */

/* Begin PBXGroup section */
		669FE6BF1F0AB32400B579DE = {
			isa = PBXGroup;
			children = (
				669FE6CA1F0AB32400B579DE /* SuperScience */,
				669FE6C91F0AB32400B579DE /* Products */,
			);
			sourceTree = "<group>";
		};
		669FE6C91F0AB32400B579DE /* Products */ = {
			isa = PBXGroup;
			children = (
				669FE6C81F0AB32400B579DE /* SuperScience.app */,
			);
			name = Products;
			sourceTree = "<group>";
		};
		669FE6CA1F0AB32400B579DE /* SuperScience */ = {
			isa = PBXGroup;
			children = (
				D72CAABC1F17E4B600430EFC /* View */,
				D72CAABB1F17E4AE00430EFC /* Controller */,
				669FE6CB1F0AB32400B579DE /* AppDelegate.swift */,
				666FA9D61F0D6BE200FB574F /* DisciplinasViewController.swift */,
				D70877C61F0ED60C00FB5A19 /* MyCollectionViewCell.swift */,
				669FE6CF1F0AB32400B579DE /* Main.storyboard */,
				666FA9CE1F0D657D00FB574F /* Disciplinas.storyboard */,
				666FA9D01F0D65B000FB574F /* Conta.storyboard */,
				669FE6D21F0AB32400B579DE /* Assets.xcassets */,
				669FE6D41F0AB32400B579DE /* LaunchScreen.storyboard */,
				665307BB1F1688F800211A94 /* Classe.storyboard */,
				669FE6D71F0AB32400B579DE /* Info.plist */,
				D70877C01F0EC6B200FB5A19 /* TableViewCell.swift */,
				D70877C21F0ECA6000FB5A19 /* CollectionViewController.swift */,
				665307B91F16878B00211A94 /* ClasseViewController.swift */,
				D771A6461F140C0500CAD06F /* ContaViewController.swift */,
				D70559B01F0F19DA00C9373C /* DetailViewController.swift */,
				661C43021F1564C200D793AF /* CollectionViewControllerTwo.swift */,
				661C43041F15660B00D793AF /* MyCollectionViewCellTwo.swift */,
			);
			path = SuperScience;
			sourceTree = "<group>";
		};
		D72CAABB1F17E4AE00430EFC /* Controller */ = {
			isa = PBXGroup;
			children = (
				D72CAABD1F17E4D600430EFC /* ContentViewController.swift */,
			);
			name = Controller;
			sourceTree = "<group>";
		};
		D72CAABC1F17E4B600430EFC /* View */ = {
			isa = PBXGroup;
			children = (
			);
			name = View;
			sourceTree = "<group>";
		};
/* End PBXGroup section */

/* Begin PBXNativeTarget section */
		669FE6C71F0AB32400B579DE /* SuperScience */ = {
			isa = PBXNativeTarget;
			buildConfigurationList = 669FE6DA1F0AB32400B579DE /* Build configuration list for PBXNativeTarget "SuperScience" */;
			buildPhases = (
				669FE6C41F0AB32400B579DE /* Sources */,
				669FE6C51F0AB32400B579DE /* Frameworks */,
				669FE6C61F0AB32400B579DE /* Resources */,
			);
			buildRules = (
			);
			dependencies = (
			);
			name = SuperScience;
			productName = SuperScience;
			productReference = 669FE6C81F0AB32400B579DE /* SuperScience.app */;
			productType = "com.apple.product-type.application";
		};
/* End PBXNativeTarget section */

/* Begin PBXProject section */
		669FE6C01F0AB32400B579DE /* Project object */ = {
			isa = PBXProject;
			attributes = {
				LastSwiftUpdateCheck = 0830;
				LastUpgradeCheck = 0830;
				ORGANIZATIONNAME = "Ricardo Ferreira";
				TargetAttributes = {
					669FE6C71F0AB32400B579DE = {
						CreatedOnToolsVersion = 8.3.2;
						DevelopmentTeam = 4KY332LQ8T;
						ProvisioningStyle = Automatic;
					};
				};
			};
			buildConfigurationList = 669FE6C31F0AB32400B579DE /* Build configuration list for PBXProject "SuperScience" */;
			compatibilityVersion = "Xcode 3.2";
			developmentRegion = English;
			hasScannedForEncodings = 0;
			knownRegions = (
				en,
				Base,
			);
			mainGroup = 669FE6BF1F0AB32400B579DE;
			productRefGroup = 669FE6C91F0AB32400B579DE /* Products */;
			projectDirPath = "";
			projectRoot = "";
			targets = (
				669FE6C71F0AB32400B579DE /* SuperScience */,
			);
		};
/* End PBXProject section */

/* Begin PBXResourcesBuildPhase section */
		669FE6C61F0AB32400B579DE /* Resources */ = {
			isa = PBXResourcesBuildPhase;
			buildActionMask = 2147483647;
			files = (
				669FE6D61F0AB32400B579DE /* LaunchScreen.storyboard in Resources */,
				665307BC1F1688F800211A94 /* Classe.storyboard in Resources */,
				666FA9CF1F0D657D00FB574F /* Disciplinas.storyboard in Resources */,
				666FA9D11F0D65B000FB574F /* Conta.storyboard in Resources */,
				669FE6D31F0AB32400B579DE /* Assets.xcassets in Resources */,
				669FE6D11F0AB32400B579DE /* Main.storyboard in Resources */,
			);
			runOnlyForDeploymentPostprocessing = 0;
		};
/* End PBXResourcesBuildPhase section */

/* Begin PBXSourcesBuildPhase section */
		669FE6C41F0AB32400B579DE /* Sources */ = {
			isa = PBXSourcesBuildPhase;
			buildActionMask = 2147483647;
			files = (
				666FA9D71F0D6BE200FB574F /* DisciplinasViewController.swift in Sources */,
				D70877C71F0ED60C00FB5A19 /* MyCollectionViewCell.swift in Sources */,
				D70877C11F0EC6B200FB5A19 /* TableViewCell.swift in Sources */,
				665307BA1F16878B00211A94 /* ClasseViewController.swift in Sources */,
				661C43031F1564C200D793AF /* CollectionViewControllerTwo.swift in Sources */,
				661C43051F15660B00D793AF /* MyCollectionViewCellTwo.swift in Sources */,
				D70559B11F0F19DA00C9373C /* DetailViewController.swift in Sources */,
				D771A6471F140C0500CAD06F /* ContaViewController.swift in Sources */,
				D72CAABE1F17E4D600430EFC /* ContentViewController.swift in Sources */,
				D70877C31F0ECA6000FB5A19 /* CollectionViewController.swift in Sources */,
				669FE6CC1F0AB32400B579DE /* AppDelegate.swift in Sources */,
			);
			runOnlyForDeploymentPostprocessing = 0;
		};
/* End PBXSourcesBuildPhase section */

/* Begin PBXVariantGroup section */
		669FE6CF1F0AB32400B579DE /* Main.storyboard */ = {
			isa = PBXVariantGroup;
			children = (
				669FE6D01F0AB32400B579DE /* Base */,
			);
			name = Main.storyboard;
			sourceTree = "<group>";
		};
		669FE6D41F0AB32400B579DE /* LaunchScreen.storyboard */ = {
			isa = PBXVariantGroup;
			children = (
				669FE6D51F0AB32400B579DE /* Base */,
			);
			name = LaunchScreen.storyboard;
			sourceTree = "<group>";
		};
/* End PBXVariantGroup section */

/* Begin XCBuildConfiguration section */
		669FE6D81F0AB32400B579DE /* Debug */ = {
			isa = XCBuildConfiguration;
			buildSettings = {
				ALWAYS_SEARCH_USER_PATHS = NO;
				CLANG_ANALYZER_NONNULL = YES;
				CLANG_ANALYZER_NUMBER_OBJECT_CONVERSION = YES_AGGRESSIVE;
				CLANG_CXX_LANGUAGE_STANDARD = "gnu++0x";
				CLANG_CXX_LIBRARY = "libc++";
				CLANG_ENABLE_MODULES = YES;
				CLANG_ENABLE_OBJC_ARC = YES;
				CLANG_WARN_BOOL_CONVERSION = YES;
				CLANG_WARN_CONSTANT_CONVERSION = YES;
				CLANG_WARN_DIRECT_OBJC_ISA_USAGE = YES_ERROR;
				CLANG_WARN_DOCUMENTATION_COMMENTS = YES;
				CLANG_WARN_EMPTY_BODY = YES;
				CLANG_WARN_ENUM_CONVERSION = YES;
				CLANG_WARN_INFINITE_RECURSION = YES;
				CLANG_WARN_INT_CONVERSION = YES;
				CLANG_WARN_OBJC_ROOT_CLASS = YES_ERROR;
				CLANG_WARN_SUSPICIOUS_MOVE = YES;
				CLANG_WARN_UNREACHABLE_CODE = YES;
				CLANG_WARN__DUPLICATE_METHOD_MATCH = YES;
				"CODE_SIGN_IDENTITY[sdk=iphoneos*]" = "iPhone Developer";
				COPY_PHASE_STRIP = NO;
				DEBUG_INFORMATION_FORMAT = dwarf;
				ENABLE_STRICT_OBJC_MSGSEND = YES;
				ENABLE_TESTABILITY = YES;
				GCC_C_LANGUAGE_STANDARD = gnu99;
				GCC_DYNAMIC_NO_PIC = NO;
				GCC_NO_COMMON_BLOCKS = YES;
				GCC_OPTIMIZATION_LEVEL = 0;
				GCC_PREPROCESSOR_DEFINITIONS = (
					"DEBUG=1",
					"$(inherited)",
				);
				GCC_WARN_64_TO_32_BIT_CONVERSION = YES;
				GCC_WARN_ABOUT_RETURN_TYPE = YES_ERROR;
				GCC_WARN_UNDECLARED_SELECTOR = YES;
				GCC_WARN_UNINITIALIZED_AUTOS = YES_AGGRESSIVE;
				GCC_WARN_UNUSED_FUNCTION = YES;
				GCC_WARN_UNUSED_VARIABLE = YES;
				IPHONEOS_DEPLOYMENT_TARGET = 10.3;
				MTL_ENABLE_DEBUG_INFO = YES;
				ONLY_ACTIVE_ARCH = YES;
				SDKROOT = iphoneos;
				SWIFT_ACTIVE_COMPILATION_CONDITIONS = DEBUG;
				SWIFT_OPTIMIZATION_LEVEL = "-Onone";
			};
			name = Debug;
		};
		669FE6D91F0AB32400B579DE /* Release */ = {
			isa = XCBuildConfiguration;
			buildSettings = {
				ALWAYS_SEARCH_USER_PATHS = NO;
				CLANG_ANALYZER_NONNULL = YES;
				CLANG_ANALYZER_NUMBER_OBJECT_CONVERSION = YES_AGGRESSIVE;
				CLANG_CXX_LANGUAGE_STANDARD = "gnu++0x";
				CLANG_CXX_LIBRARY = "libc++";
				CLANG_ENABLE_MODULES = YES;
				CLANG_ENABLE_OBJC_ARC = YES;
				CLANG_WARN_BOOL_CONVERSION = YES;
				CLANG_WARN_CONSTANT_CONVERSION = YES;
				CLANG_WARN_DIRECT_OBJC_ISA_USAGE = YES_ERROR;
				CLANG_WARN_DOCUMENTATION_COMMENTS = YES;
				CLANG_WARN_EMPTY_BODY = YES;
				CLANG_WARN_ENUM_CONVERSION = YES;
				CLANG_WARN_INFINITE_RECURSION = YES;
				CLANG_WARN_INT_CONVERSION = YES;
				CLANG_WARN_OBJC_ROOT_CLASS = YES_ERROR;
				CLANG_WARN_SUSPICIOUS_MOVE = YES;
				CLANG_WARN_UNREACHABLE_CODE = YES;
				CLANG_WARN__DUPLICATE_METHOD_MATCH = YES;
				"CODE_SIGN_IDENTITY[sdk=iphoneos*]" = "iPhone Developer";
				COPY_PHASE_STRIP = NO;
				DEBUG_INFORMATION_FORMAT = "dwarf-with-dsym";
				ENABLE_NS_ASSERTIONS = NO;
				ENABLE_STRICT_OBJC_MSGSEND = YES;
				GCC_C_LANGUAGE_STANDARD = gnu99;
				GCC_NO_COMMON_BLOCKS = YES;
				GCC_WARN_64_TO_32_BIT_CONVERSION = YES;
				GCC_WARN_ABOUT_RETURN_TYPE = YES_ERROR;
				GCC_WARN_UNDECLARED_SELECTOR = YES;
				GCC_WARN_UNINITIALIZED_AUTOS = YES_AGGRESSIVE;
				GCC_WARN_UNUSED_FUNCTION = YES;
				GCC_WARN_UNUSED_VARIABLE = YES;
				IPHONEOS_DEPLOYMENT_TARGET = 10.3;
				MTL_ENABLE_DEBUG_INFO = NO;
				SDKROOT = iphoneos;
				SWIFT_OPTIMIZATION_LEVEL = "-Owholemodule";
				VALIDATE_PRODUCT = YES;
			};
			name = Release;
		};
		669FE6DB1F0AB32400B579DE /* Debug */ = {
			isa = XCBuildConfiguration;
			buildSettings = {
				ASSETCATALOG_COMPILER_APPICON_NAME = AppIcon;
				DEVELOPMENT_TEAM = 4KY332LQ8T;
				INFOPLIST_FILE = SuperScience/Info.plist;
				LD_RUNPATH_SEARCH_PATHS = "$(inherited) @executable_path/Frameworks";
				PRODUCT_BUNDLE_IDENTIFIER = br.org.eldorado.bepid.SuperScience;
				PRODUCT_NAME = "$(TARGET_NAME)";
				SWIFT_VERSION = 3.0;
			};
			name = Debug;
		};
		669FE6DC1F0AB32400B579DE /* Release */ = {
			isa = XCBuildConfiguration;
			buildSettings = {
				ASSETCATALOG_COMPILER_APPICON_NAME = AppIcon;
				DEVELOPMENT_TEAM = 4KY332LQ8T;
				INFOPLIST_FILE = SuperScience/Info.plist;
				LD_RUNPATH_SEARCH_PATHS = "$(inherited) @executable_path/Frameworks";
				PRODUCT_BUNDLE_IDENTIFIER = br.org.eldorado.bepid.SuperScience;
				PRODUCT_NAME = "$(TARGET_NAME)";
				SWIFT_VERSION = 3.0;
			};
			name = Release;
		};
/* End XCBuildConfiguration section */

/* Begin XCConfigurationList section */
		669FE6C31F0AB32400B579DE /* Build configuration list for PBXProject "SuperScience" */ = {
			isa = XCConfigurationList;
			buildConfigurations = (
				669FE6D81F0AB32400B579DE /* Debug */,
				669FE6D91F0AB32400B579DE /* Release */,
			);
			defaultConfigurationIsVisible = 0;
			defaultConfigurationName = Release;
		};
		669FE6DA1F0AB32400B579DE /* Build configuration list for PBXNativeTarget "SuperScience" */ = {
			isa = XCConfigurationList;
			buildConfigurations = (
				669FE6DB1F0AB32400B579DE /* Debug */,
				669FE6DC1F0AB32400B579DE /* Release */,
			);
			defaultConfigurationIsVisible = 0;
			defaultConfigurationName = Release;
		};
/* End XCConfigurationList section */
	};
	rootObject = 669FE6C01F0AB32400B579DE /* Project object */;
}
